
Microsoft Visual Studio Solution File, Format Version 12.00
# Visual Studio 15
VisualStudioVersion = 15.0.26430.6
MinimumVisualStudioVersion = 10.0.40219.1
Project("{FAE04EC0-301F-11D3-BF4B-00C04F79EFBC}") = "Matrix", "matrix\Matrix.csproj", "{7BE6B87D-62BB-4413-BEE9-5A30E2B58197}"
EndProject
Project("{FAE04EC0-301F-11D3-BF4B-00C04F79EFBC}") = "Matrix.Tests", "matrixTest\Matrix.Tests.csproj", "{C1C775A2-4B31-48A1-B000-2F81D5D0AF7A}"
EndProject
Global
	GlobalSection(SolutionConfigurationPlatforms) = preSolution
		Debug|Any CPU = Debug|Any CPU
		Release|Any CPU = Release|Any CPU
	EndGlobalSection
	GlobalSection(ProjectConfigurationPlatforms) = postSolution
		{7BE6B87D-62BB-4413-BEE9-5A30E2B58197}.Debug|Any CPU.ActiveCfg = Debug|Any CPU
		{7BE6B87D-62BB-4413-BEE9-5A30E2B58197}.Debug|Any CPU.Build.0 = Debug|Any CPU
		{7BE6B87D-62BB-4413-BEE9-5A30E2B58197}.Release|Any CPU.ActiveCfg = Release|Any CPU
		{7BE6B87D-62BB-4413-BEE9-5A30E2B58197}.Release|Any CPU.Build.0 = Release|Any CPU
		{C1C775A2-4B31-48A1-B000-2F81D5D0AF7A}.Debug|Any CPU.ActiveCfg = Debug|Any CPU
		{C1C775A2-4B31-48A1-B000-2F81D5D0AF7A}.Debug|Any CPU.Build.0 = Debug|Any CPU
		{C1C775A2-4B31-48A1-B000-2F81D5D0AF7A}.Release|Any CPU.ActiveCfg = Release|Any CPU
		{C1C775A2-4B31-48A1-B000-2F81D5D0AF7A}.Release|Any CPU.Build.0 = Release|Any CPU
	EndGlobalSection
	GlobalSection(SolutionProperties) = preSolution
		HideSolutionNode = FALSE
	EndGlobalSection
EndGlobal
